{
  "name": "coffteazonewebsite",
  "version": "1.0.0",
  "lockfileVersion": 1,
  "requires": true,
  "dependencies": {
    "html5shiv": {
      "version": "3.7.3",
      "resolved": "https://registry.npmjs.org/html5shiv/-/html5shiv-3.7.3.tgz",
      "integrity": "sha1-14qEo2e8uacQEA1XgCw4ewhGMdI="
    },
    "jquery": {
      "version": "3.3.1",
      "resolved": "https://registry.npmjs.org/jquery/-/jquery-3.3.1.tgz",
      "integrity": "sha512-Ubldcmxp5np52/ENotGxlLe6aGMvmF4R8S6tZjsP6Knsaxd/xp3Zrh50cG93lR6nPXyUFwzN3ZSOQI0wRJNdGg=="
    },
    "material-design-icons": {
      "version": "3.0.1",
      "resolved": "https://registry.npmjs.org/material-design-icons/-/material-design-icons-3.0.1.tgz",
      "integrity": "sha1-mnHEh0chjrylHlGmbaaCA4zct78="
    },
    "normalize.css": {
      "version": "7.0.0",
      "resolved": "https://registry.npmjs.org/normalize.css/-/normalize.css-7.0.0.tgz",
      "integrity": "sha1-q/sd2CRwZ04DIrU86xqvQSk45L8="
    }
  }
}
